
Microsoft Visual Studio Solution File, Format Version 12.00
# Visual Studio Version 16
VisualStudioVersion = 16.0.31112.23
MinimumVisualStudioVersion = 10.0.40219.1
Project("{9A19103F-16F7-4668-BE54-9A1E7A4F7556}") = "HappyTravel.Simabara", "HappyTravel.Simabara\HappyTravel.Simabara.csproj", "{587D2A33-631F-42C5-BA04-AED6F8FCABA9}"
EndProject
Global
	GlobalSection(SolutionConfigurationPlatforms) = preSolution
		Debug|Any CPU = Debug|Any CPU
		Release|Any CPU = Release|Any CPU
	EndGlobalSection
	GlobalSection(ProjectConfigurationPlatforms) = postSolution
		{587D2A33-631F-42C5-BA04-AED6F8FCABA9}.Debug|Any CPU.ActiveCfg = Debug|Any CPU
		{587D2A33-631F-42C5-BA04-AED6F8FCABA9}.Debug|Any CPU.Build.0 = Debug|Any CPU
		{587D2A33-631F-42C5-BA04-AED6F8FCABA9}.Release|Any CPU.ActiveCfg = Release|Any CPU
		{587D2A33-631F-42C5-BA04-AED6F8FCABA9}.Release|Any CPU.Build.0 = Release|Any CPU
	EndGlobalSection
	GlobalSection(SolutionProperties) = preSolution
		HideSolutionNode = FALSE
	EndGlobalSection
	GlobalSection(ExtensibilityGlobals) = postSolution
		SolutionGuid = {6DA29AC4-A900-42E5-9DFD-866596E5856C}
	EndGlobalSection
EndGlobal
